{
  "name": "scssvariables",
  "version": "1.0.0",
  "lockfileVersion": 3,
  "requires": true,
  "packages": {
    "": {
      "name": "scssvariables",
      "version": "1.0.0",
      "license": "GPL-3.0-or-later",
      "dependencies": {
        "file-cache": "^1.1.0"
      }
    },
    "node_modules/compressible": {
      "version": "2.0.18",
      "resolved": "https://registry.npmjs.org/compressible/-/compressible-2.0.18.tgz",
      "integrity": "sha512-AF3r7P5dWxL8MxyITRMlORQNaOA2IkAFaTr4k7BUumjPtRpGDTZpl0Pb1XCO6JeDCBdp126Cgs9sMxqSjgYyRg==",
      "dependencies": {
        "mime-db": ">= 1.43.0 < 2"
      },
      "engines": {
        "node": ">= 0.6"
      }
    },
    "node_modules/file-cache": {
      "version": "1.1.0",
      "resolved": "https://registry.npmjs.org/file-cache/-/file-cache-1.1.0.tgz",
      "integrity": "sha512-ZavQrzRc9UE1U2E5jJ1i3VMpsKV3RzKn3/bqewo5URL2v1yj1QmwZh7JJDH4ZoDGNTpn3UQKRkpWqTFg3czz9w==",
      "dependencies": {
        "compressible": "^2.0.10",
        "lrucache": "^1.0.2",
        "mime-types": "^2.1.15",
        "thunks": "^4.8.0"
      },
      "engines": {
        "node": ">= 4.5.0"
      }
    },
    "node_modules/lrucache": {
      "version": "1.0.3",
      "resolved": "https://registry.npmjs.org/lrucache/-/lrucache-1.0.3.tgz",
      "integrity": "sha512-OwQTGyq+57hmefrEv3Uhhyw4Z3l+aT/Q4nkdslVqy2n/7qIa4ML0wKnYcUUo54W1RRJYLdk2xKFsTaDGEVJLDw=="
    },
    "node_modules/mime-db": {
      "version": "1.52.0",
      "resolved": "https://registry.npmjs.org/mime-db/-/mime-db-1.52.0.tgz",
      "integrity": "sha512-sPU4uV7dYlvtWJxwwxHD0PuihVNiE7TyAbQ5SWxDCB9mUYvOgroQOwYQQOKPJ8CIbE+1ETVlOoK1UC2nU3gYvg==",
      "engines": {
        "node": ">= 0.6"
      }
    },
    "node_modules/mime-types": {
      "version": "2.1.35",
      "resolved": "https://registry.npmjs.org/mime-types/-/mime-types-2.1.35.tgz",
      "integrity": "sha512-ZDY+bPm5zTTF+YpCrAU9nK0UgICYPT0QtT1NZWFv4s++TNkcgVaT0g6+4R2uI4MjQjzysHB1zxuWL50hzaeXiw==",
      "dependencies": {
        "mime-db": "1.52.0"
      },
      "engines": {
        "node": ">= 0.6"
      }
    },
    "node_modules/thunks": {
      "version": "4.9.6",
      "resolved": "https://registry.npmjs.org/thunks/-/thunks-4.9.6.tgz",
      "integrity": "sha512-ulXG17ZokTO8j0rTx/23YHsBuz6KAK1xdBPLH4zB1FRDUkttCQeli3DxGhhYtrrsRwzacSG+ZIebjSgLseluMw=="
    }
  }
}
